
Microsoft Visual Studio Solution File, Format Version 12.00
# Visual Studio Version 16
VisualStudioVersion = 16.0.30413.136
MinimumVisualStudioVersion = 10.0.40219.1
Project("{2150E333-8FDC-42A3-9474-1A3956D46DE8}") = "src", "src", "{53585DF5-6F35-488D-B2D9-43E58F77D9B9}"
EndProject
Project("{2150E333-8FDC-42A3-9474-1A3956D46DE8}") = "Oxygen", "Oxygen", "{45771243-E9BA-4190-89A5-61C65D8AA4C9}"
EndProject
Project("{2150E333-8FDC-42A3-9474-1A3956D46DE8}") = "Oxygen.Client", "Oxygen.Client", "{968ADFFE-171A-41DD-909B-B2861A30A9AF}"
EndProject
Project("{2150E333-8FDC-42A3-9474-1A3956D46DE8}") = "Oxygen.Server", "Oxygen.Server", "{CAD0B964-AD48-4C63-A8F0-6E1BED350BA8}"
EndProject
Project("{2150E333-8FDC-42A3-9474-1A3956D46DE8}") = "Oxygen.Mesh", "Oxygen.Mesh", "{540472F6-CDDB-4E09-886E-BE16EEC65A00}"
EndProject
Project("{2150E333-8FDC-42A3-9474-1A3956D46DE8}") = "sample", "sample", "{F8BAEF85-9B04-4D46-9E57-52DF40CC1185}"
EndProject
Project("{9A19103F-16F7-4668-BE54-9A1E7A4F7556}") = "Oxygen.Server.Kestrel", "src\Oxygen.Server\Oxygen.Server.Kestrel\Oxygen.Server.Kestrel.csproj", "{838884C4-2D6C-4AF6-8EED-EE27947B7FE2}"
EndProject
Project("{9A19103F-16F7-4668-BE54-9A1E7A4F7556}") = "Oxygen.Common", "src\Oxygen\Oxygen.Common\Oxygen.Common.csproj", "{716437F1-0715-4D6A-8F39-03DDADFDF3A1}"
EndProject
Project("{9A19103F-16F7-4668-BE54-9A1E7A4F7556}") = "Oxygen.ProxyGenerator", "src\Oxygen\Oxygen.ProxyGenerator\Oxygen.ProxyGenerator.csproj", "{E4A9406E-C07D-477C-A1A9-52586725B25B}"
EndProject
Project("{9A19103F-16F7-4668-BE54-9A1E7A4F7556}") = "Oxygen.Client.ServerProxyFactory", "src\Oxygen.Client\Oxygen.Client.ServerProxyFactory\Oxygen.Client.ServerProxyFactory.csproj", "{BB642028-45C9-438F-BAE4-A22E582359C1}"
EndProject
Project("{9A19103F-16F7-4668-BE54-9A1E7A4F7556}") = "Oxygen.Client.ServerSymbol", "src\Oxygen.Client\Oxygen.Client.ServerSymbol\Oxygen.Client.ServerSymbol.csproj", "{58D8475D-C23D-4B4B-ABE0-32E3199FCBD0}"
EndProject
Project("{9A19103F-16F7-4668-BE54-9A1E7A4F7556}") = "Oxygen.Mesh.Dapr", "src\Oxygen.Mesh\Oxygen.Mesh.Dapr\Oxygen.Mesh.Dapr.csproj", "{F4748E0B-C033-4293-BCB1-7370A55BB02D}"
EndProject
Project("{9A19103F-16F7-4668-BE54-9A1E7A4F7556}") = "RemoteInterface", "sample\RemoteInterface\RemoteInterface.csproj", "{B6E9A444-7A28-4964-83E5-F84CC1F6E945}"
EndProject
Project("{9A19103F-16F7-4668-BE54-9A1E7A4F7556}") = "Client", "sample\Client\Client.csproj", "{3FB24A03-E88D-4FBC-B601-555D59389931}"
EndProject
Project("{9A19103F-16F7-4668-BE54-9A1E7A4F7556}") = "Server", "sample\Server\Server.csproj", "{6C5E0E28-5B9B-4AB9-A122-27DF9F4C2333}"
EndProject
Project("{9A19103F-16F7-4668-BE54-9A1E7A4F7556}") = "Oxygen.IocModule", "src\Oxygen\Oxygen.IocModule\Oxygen.IocModule.csproj", "{5BE04D5E-F3C2-4043-A472-D1CE61C795A6}"
EndProject
Project("{9A19103F-16F7-4668-BE54-9A1E7A4F7556}") = "Oxygen.IServer", "src\Oxygen.Server\Oxygen.IServer\Oxygen.IServer.csproj", "{6C9EB20E-ABA1-4323-9DE3-848AF4F9F2B6}"
EndProject
Global
	GlobalSection(SolutionConfigurationPlatforms) = preSolution
		Debug|Any CPU = Debug|Any CPU
		Release|Any CPU = Release|Any CPU
	EndGlobalSection
	GlobalSection(ProjectConfigurationPlatforms) = postSolution
		{838884C4-2D6C-4AF6-8EED-EE27947B7FE2}.Debug|Any CPU.ActiveCfg = Debug|Any CPU
		{838884C4-2D6C-4AF6-8EED-EE27947B7FE2}.Debug|Any CPU.Build.0 = Debug|Any CPU
		{838884C4-2D6C-4AF6-8EED-EE27947B7FE2}.Release|Any CPU.ActiveCfg = Release|Any CPU
		{838884C4-2D6C-4AF6-8EED-EE27947B7FE2}.Release|Any CPU.Build.0 = Release|Any CPU
		{716437F1-0715-4D6A-8F39-03DDADFDF3A1}.Debug|Any CPU.ActiveCfg = Debug|Any CPU
		{716437F1-0715-4D6A-8F39-03DDADFDF3A1}.Debug|Any CPU.Build.0 = Debug|Any CPU
		{716437F1-0715-4D6A-8F39-03DDADFDF3A1}.Release|Any CPU.ActiveCfg = Release|Any CPU
		{716437F1-0715-4D6A-8F39-03DDADFDF3A1}.Release|Any CPU.Build.0 = Release|Any CPU
		{E4A9406E-C07D-477C-A1A9-52586725B25B}.Debug|Any CPU.ActiveCfg = Debug|Any CPU
		{E4A9406E-C07D-477C-A1A9-52586725B25B}.Debug|Any CPU.Build.0 = Debug|Any CPU
		{E4A9406E-C07D-477C-A1A9-52586725B25B}.Release|Any CPU.ActiveCfg = Release|Any CPU
		{E4A9406E-C07D-477C-A1A9-52586725B25B}.Release|Any CPU.Build.0 = Release|Any CPU
		{BB642028-45C9-438F-BAE4-A22E582359C1}.Debug|Any CPU.ActiveCfg = Debug|Any CPU
		{BB642028-45C9-438F-BAE4-A22E582359C1}.Debug|Any CPU.Build.0 = Debug|Any CPU
		{BB642028-45C9-438F-BAE4-A22E582359C1}.Release|Any CPU.ActiveCfg = Release|Any CPU
		{BB642028-45C9-438F-BAE4-A22E582359C1}.Release|Any CPU.Build.0 = Release|Any CPU
		{58D8475D-C23D-4B4B-ABE0-32E3199FCBD0}.Debug|Any CPU.ActiveCfg = Debug|Any CPU
		{58D8475D-C23D-4B4B-ABE0-32E3199FCBD0}.Debug|Any CPU.Build.0 = Debug|Any CPU
		{58D8475D-C23D-4B4B-ABE0-32E3199FCBD0}.Release|Any CPU.ActiveCfg = Release|Any CPU
		{58D8475D-C23D-4B4B-ABE0-32E3199FCBD0}.Release|Any CPU.Build.0 = Release|Any CPU
		{F4748E0B-C033-4293-BCB1-7370A55BB02D}.Debug|Any CPU.ActiveCfg = Debug|Any CPU
		{F4748E0B-C033-4293-BCB1-7370A55BB02D}.Debug|Any CPU.Build.0 = Debug|Any CPU
		{F4748E0B-C033-4293-BCB1-7370A55BB02D}.Release|Any CPU.ActiveCfg = Release|Any CPU
		{F4748E0B-C033-4293-BCB1-7370A55BB02D}.Release|Any CPU.Build.0 = Release|Any CPU
		{B6E9A444-7A28-4964-83E5-F84CC1F6E945}.Debug|Any CPU.ActiveCfg = Debug|Any CPU
		{B6E9A444-7A28-4964-83E5-F84CC1F6E945}.Debug|Any CPU.Build.0 = Debug|Any CPU
		{B6E9A444-7A28-4964-83E5-F84CC1F6E945}.Release|Any CPU.ActiveCfg = Release|Any CPU
		{B6E9A444-7A28-4964-83E5-F84CC1F6E945}.Release|Any CPU.Build.0 = Release|Any CPU
		{3FB24A03-E88D-4FBC-B601-555D59389931}.Debug|Any CPU.ActiveCfg = Debug|Any CPU
		{3FB24A03-E88D-4FBC-B601-555D59389931}.Debug|Any CPU.Build.0 = Debug|Any CPU
		{3FB24A03-E88D-4FBC-B601-555D59389931}.Release|Any CPU.ActiveCfg = Release|Any CPU
		{3FB24A03-E88D-4FBC-B601-555D59389931}.Release|Any CPU.Build.0 = Release|Any CPU
		{6C5E0E28-5B9B-4AB9-A122-27DF9F4C2333}.Debug|Any CPU.ActiveCfg = Debug|Any CPU
		{6C5E0E28-5B9B-4AB9-A122-27DF9F4C2333}.Debug|Any CPU.Build.0 = Debug|Any CPU
		{6C5E0E28-5B9B-4AB9-A122-27DF9F4C2333}.Release|Any CPU.ActiveCfg = Release|Any CPU
		{6C5E0E28-5B9B-4AB9-A122-27DF9F4C2333}.Release|Any CPU.Build.0 = Release|Any CPU
		{5BE04D5E-F3C2-4043-A472-D1CE61C795A6}.Debug|Any CPU.ActiveCfg = Debug|Any CPU
		{5BE04D5E-F3C2-4043-A472-D1CE61C795A6}.Debug|Any CPU.Build.0 = Debug|Any CPU
		{5BE04D5E-F3C2-4043-A472-D1CE61C795A6}.Release|Any CPU.ActiveCfg = Release|Any CPU
		{5BE04D5E-F3C2-4043-A472-D1CE61C795A6}.Release|Any CPU.Build.0 = Release|Any CPU
		{6C9EB20E-ABA1-4323-9DE3-848AF4F9F2B6}.Debug|Any CPU.ActiveCfg = Debug|Any CPU
		{6C9EB20E-ABA1-4323-9DE3-848AF4F9F2B6}.Debug|Any CPU.Build.0 = Debug|Any CPU
		{6C9EB20E-ABA1-4323-9DE3-848AF4F9F2B6}.Release|Any CPU.ActiveCfg = Release|Any CPU
		{6C9EB20E-ABA1-4323-9DE3-848AF4F9F2B6}.Release|Any CPU.Build.0 = Release|Any CPU
	EndGlobalSection
	GlobalSection(SolutionProperties) = preSolution
		HideSolutionNode = FALSE
	EndGlobalSection
	GlobalSection(NestedProjects) = preSolution
		{45771243-E9BA-4190-89A5-61C65D8AA4C9} = {53585DF5-6F35-488D-B2D9-43E58F77D9B9}
		{968ADFFE-171A-41DD-909B-B2861A30A9AF} = {53585DF5-6F35-488D-B2D9-43E58F77D9B9}
		{CAD0B964-AD48-4C63-A8F0-6E1BED350BA8} = {53585DF5-6F35-488D-B2D9-43E58F77D9B9}
		{540472F6-CDDB-4E09-886E-BE16EEC65A00} = {53585DF5-6F35-488D-B2D9-43E58F77D9B9}
		{838884C4-2D6C-4AF6-8EED-EE27947B7FE2} = {CAD0B964-AD48-4C63-A8F0-6E1BED350BA8}
		{716437F1-0715-4D6A-8F39-03DDADFDF3A1} = {45771243-E9BA-4190-89A5-61C65D8AA4C9}
		{E4A9406E-C07D-477C-A1A9-52586725B25B} = {45771243-E9BA-4190-89A5-61C65D8AA4C9}
		{BB642028-45C9-438F-BAE4-A22E582359C1} = {968ADFFE-171A-41DD-909B-B2861A30A9AF}
		{58D8475D-C23D-4B4B-ABE0-32E3199FCBD0} = {968ADFFE-171A-41DD-909B-B2861A30A9AF}
		{F4748E0B-C033-4293-BCB1-7370A55BB02D} = {540472F6-CDDB-4E09-886E-BE16EEC65A00}
		{B6E9A444-7A28-4964-83E5-F84CC1F6E945} = {F8BAEF85-9B04-4D46-9E57-52DF40CC1185}
		{3FB24A03-E88D-4FBC-B601-555D59389931} = {F8BAEF85-9B04-4D46-9E57-52DF40CC1185}
		{6C5E0E28-5B9B-4AB9-A122-27DF9F4C2333} = {F8BAEF85-9B04-4D46-9E57-52DF40CC1185}
		{5BE04D5E-F3C2-4043-A472-D1CE61C795A6} = {45771243-E9BA-4190-89A5-61C65D8AA4C9}
		{6C9EB20E-ABA1-4323-9DE3-848AF4F9F2B6} = {CAD0B964-AD48-4C63-A8F0-6E1BED350BA8}
	EndGlobalSection
	GlobalSection(ExtensibilityGlobals) = postSolution
		SolutionGuid = {B216A394-6D76-4027-9E89-9E4882077CC4}
	EndGlobalSection
EndGlobal
